// !$*UTF8*$!
{
	archiveVersion = 1;
	classes = {
	};
	objectVersion = 56;
	objects = {

/* Begin PBXBuildFile section */
		536D3C1C2C872BB800A34537 /* AppDelegate.swift in Sources */ = {isa = PBXBuildFile; fileRef = 536D3C1B2C872BB800A34537 /* AppDelegate.swift */; };
		536D3C1E2C872BB800A34537 /* SceneDelegate.swift in Sources */ = {isa = PBXBuildFile; fileRef = 536D3C1D2C872BB800A34537 /* SceneDelegate.swift */; };
		536D3C202C872BB800A34537 /* ViewController.swift in Sources */ = {isa = PBXBuildFile; fileRef = 536D3C1F2C872BB800A34537 /* ViewController.swift */; };
		536D3C232C872BB800A34537 /* Base in Resources */ = {isa = PBXBuildFile; fileRef = 536D3C222C872BB800A34537 /* Base */; };
		536D3C252C872BB900A34537 /* Assets.xcassets in Resources */ = {isa = PBXBuildFile; fileRef = 536D3C242C872BB900A34537 /* Assets.xcassets */; };
		536D3C282C872BB900A34537 /* Base in Resources */ = {isa = PBXBuildFile; fileRef = 536D3C272C872BB900A34537 /* Base */; };
		536D3C332C872BB900A34537 /* SegwayTests.swift in Sources */ = {isa = PBXBuildFile; fileRef = 536D3C322C872BB900A34537 /* SegwayTests.swift */; };
		536D3C3D2C872BB900A34537 /* SegwayUITests.swift in Sources */ = {isa = PBXBuildFile; fileRef = 536D3C3C2C872BB900A34537 /* SegwayUITests.swift */; };
		536D3C3F2C872BB900A34537 /* SegwayUITestsLaunchTests.swift in Sources */ = {isa = PBXBuildFile; fileRef = 536D3C3E2C872BB900A34537 /* SegwayUITestsLaunchTests.swift */; };
		536D3C882C88316D00A34537 /* YellowViewController.swift in Sources */ = {isa = PBXBuildFile; fileRef = 536D3C872C88316D00A34537 /* YellowViewController.swift */; };
/* End PBXBuildFile section */

/* Begin PBXContainerItemProxy section */
		536D3C2F2C872BB900A34537 /* PBXContainerItemProxy */ = {
			isa = PBXContainerItemProxy;
			containerPortal = 536D3C102C872BB800A34537 /* Project object */;
			proxyType = 1;
			remoteGlobalIDString = 536D3C172C872BB800A34537;
			remoteInfo = Segway;
		};
		536D3C392C872BB900A34537 /* PBXContainerItemProxy */ = {
			isa = PBXContainerItemProxy;
			containerPortal = 536D3C102C872BB800A34537 /* Project object */;
			proxyType = 1;
			remoteGlobalIDString = 536D3C172C872BB800A34537;
			remoteInfo = Segway;
		};
/* End PBXContainerItemProxy section */

/* Begin PBXFileReference section */
		536D3C182C872BB800A34537 /* Segway.app */ = {isa = PBXFileReference; explicitFileType = wrapper.application; includeInIndex = 0; path = Segway.app; sourceTree = BUILT_PRODUCTS_DIR; };
		536D3C1B2C872BB800A34537 /* AppDelegate.swift */ = {isa = PBXFileReference; lastKnownFileType = sourcecode.swift; path = AppDelegate.swift; sourceTree = "<group>"; };
		536D3C1D2C872BB800A34537 /* SceneDelegate.swift */ = {isa = PBXFileReference; lastKnownFileType = sourcecode.swift; path = SceneDelegate.swift; sourceTree = "<group>"; };
		536D3C1F2C872BB800A34537 /* ViewController.swift */ = {isa = PBXFileReference; lastKnownFileType = sourcecode.swift; path = ViewController.swift; sourceTree = "<group>"; };
		536D3C222C872BB800A34537 /* Base */ = {isa = PBXFileReference; lastKnownFileType = file.storyboard; name = Base; path = Base.lproj/Main.storyboard; sourceTree = "<group>"; };
		536D3C242C872BB900A34537 /* Assets.xcassets */ = {isa = PBXFileReference; lastKnownFileType = folder.assetcatalog; path = Assets.xcassets; sourceTree = "<group>"; };
		536D3C272C872BB900A34537 /* Base */ = {isa = PBXFileReference; lastKnownFileType = file.storyboard; name = Base; path = Base.lproj/LaunchScreen.storyboard; sourceTree = "<group>"; };
		536D3C292C872BB900A34537 /* Info.plist */ = {isa = PBXFileReference; lastKnownFileType = text.plist.xml; path = Info.plist; sourceTree = "<group>"; };
		536D3C2E2C872BB900A34537 /* SegwayTests.xctest */ = {isa = PBXFileReference; explicitFileType = wrapper.cfbundle; includeInIndex = 0; path = SegwayTests.xctest; sourceTree = BUILT_PRODUCTS_DIR; };
		536D3C322C872BB900A34537 /* SegwayTests.swift */ = {isa = PBXFileReference; lastKnownFileType = sourcecode.swift; path = SegwayTests.swift; sourceTree = "<group>"; };
		536D3C382C872BB900A34537 /* SegwayUITests.xctest */ = {isa = PBXFileReference; explicitFileType = wrapper.cfbundle; includeInIndex = 0; path = SegwayUITests.xctest; sourceTree = BUILT_PRODUCTS_DIR; };
		536D3C3C2C872BB900A34537 /* SegwayUITests.swift */ = {isa = PBXFileReference; lastKnownFileType = sourcecode.swift; path = SegwayUITests.swift; sourceTree = "<group>"; };
		536D3C3E2C872BB900A34537 /* SegwayUITestsLaunchTests.swift */ = {isa = PBXFileReference; lastKnownFileType = sourcecode.swift; path = SegwayUITestsLaunchTests.swift; sourceTree = "<group>"; };
		536D3C872C88316D00A34537 /* YellowViewController.swift */ = {isa = PBXFileReference; lastKnownFileType = sourcecode.swift; path = YellowViewController.swift; sourceTree = "<group>"; };
/* End PBXFileReference section */

/* Begin PBXFrameworksBuildPhase section */
		536D3C152C872BB800A34537 /* Frameworks */ = {
			isa = PBXFrameworksBuildPhase;
			buildActionMask = 2147483647;
			files = (
			);
			runOnlyForDeploymentPostprocessing = 0;
		};
		536D3C2B2C872BB900A34537 /* Frameworks */ = {
			isa = PBXFrameworksBuildPhase;
			buildActionMask = 2147483647;
			files = (
			);
			runOnlyForDeploymentPostprocessing = 0;
		};
		536D3C352C872BB900A34537 /* Frameworks */ = {
			isa = PBXFrameworksBuildPhase;
			buildActionMask = 2147483647;
			files = (
			);
			runOnlyForDeploymentPostprocessing = 0;
		};
/* End PBXFrameworksBuildPhase section */

/* Begin PBXGroup section */
		536D3C0F2C872BB800A34537 = {
			isa = PBXGroup;
			children = (
				536D3C1A2C872BB800A34537 /* Segway */,
				536D3C312C872BB900A34537 /* SegwayTests */,
				536D3C3B2C872BB900A34537 /* SegwayUITests */,
				536D3C192C872BB800A34537 /* Products */,
			);
			sourceTree = "<group>";
		};
		536D3C192C872BB800A34537 /* Products */ = {
			isa = PBXGroup;
			children = (
				536D3C182C872BB800A34537 /* Segway.app */,
				536D3C2E2C872BB900A34537 /* SegwayTests.xctest */,
				536D3C382C872BB900A34537 /* SegwayUITests.xctest */,
			);
			name = Products;
			sourceTree = "<group>";
		};
		536D3C1A2C872BB800A34537 /* Segway */ = {
			isa = PBXGroup;
			children = (
				536D3C1B2C872BB800A34537 /* AppDelegate.swift */,
				536D3C1D2C872BB800A34537 /* SceneDelegate.swift */,
				536D3C1F2C872BB800A34537 /* ViewController.swift */,
				536D3C212C872BB800A34537 /* Main.storyboard */,
				536D3C242C872BB900A34537 /* Assets.xcassets */,
				536D3C262C872BB900A34537 /* LaunchScreen.storyboard */,
				536D3C292C872BB900A34537 /* Info.plist */,
				536D3C872C88316D00A34537 /* YellowViewController.swift */,
			);
			path = Segway;
			sourceTree = "<group>";
		};
		536D3C312C872BB900A34537 /* SegwayTests */ = {
			isa = PBXGroup;
			children = (
				536D3C322C872BB900A34537 /* SegwayTests.swift */,
			);
			path = SegwayTests;
			sourceTree = "<group>";
		};
		536D3C3B2C872BB900A34537 /* SegwayUITests */ = {
			isa = PBXGroup;
			children = (
				536D3C3C2C872BB900A34537 /* SegwayUITests.swift */,
				536D3C3E2C872BB900A34537 /* SegwayUITestsLaunchTests.swift */,
			);
			path = SegwayUITests;
			sourceTree = "<group>";
		};
/* End PBXGroup section */

/* Begin PBXNativeTarget section */
		536D3C172C872BB800A34537 /* Segway */ = {
			isa = PBXNativeTarget;
			buildConfigurationList = 536D3C422C872BB900A34537 /* Build configuration list for PBXNativeTarget "Segway" */;
			buildPhases = (
				536D3C142C872BB800A34537 /* Sources */,
				536D3C152C872BB800A34537 /* Frameworks */,
				536D3C162C872BB800A34537 /* Resources */,
			);
			buildRules = (
			);
			dependencies = (
			);
			name = Segway;
			productName = Segway;
			productReference = 536D3C182C872BB800A34537 /* Segway.app */;
			productType = "com.apple.product-type.application";
		};
		536D3C2D2C872BB900A34537 /* SegwayTests */ = {
			isa = PBXNativeTarget;
			buildConfigurationList = 536D3C452C872BB900A34537 /* Build configuration list for PBXNativeTarget "SegwayTests" */;
			buildPhases = (
				536D3C2A2C872BB900A34537 /* Sources */,
				536D3C2B2C872BB900A34537 /* Frameworks */,
				536D3C2C2C872BB900A34537 /* Resources */,
			);
			buildRules = (
			);
			dependencies = (
				536D3C302C872BB900A34537 /* PBXTargetDependency */,
			);
			name = SegwayTests;
			productName = SegwayTests;
			productReference = 536D3C2E2C872BB900A34537 /* SegwayTests.xctest */;
			productType = "com.apple.product-type.bundle.unit-test";
		};
		536D3C372C872BB900A34537 /* SegwayUITests */ = {
			isa = PBXNativeTarget;
			buildConfigurationList = 536D3C482C872BB900A34537 /* Build configuration list for PBXNativeTarget "SegwayUITests" */;
			buildPhases = (
				536D3C342C872BB900A34537 /* Sources */,
				536D3C352C872BB900A34537 /* Frameworks */,
				536D3C362C872BB900A34537 /* Resources */,
			);
			buildRules = (
			);
			dependencies = (
				536D3C3A2C872BB900A34537 /* PBXTargetDependency */,
			);
			name = SegwayUITests;
			productName = SegwayUITests;
			productReference = 536D3C382C872BB900A34537 /* SegwayUITests.xctest */;
			productType = "com.apple.product-type.bundle.ui-testing";
		};
/* End PBXNativeTarget section */

/* Begin PBXProject section */
		536D3C102C872BB800A34537 /* Project object */ = {
			isa = PBXProject;
			attributes = {
				BuildIndependentTargetsInParallel = 1;
				LastSwiftUpdateCheck = 1540;
				LastUpgradeCheck = 1540;
				TargetAttributes = {
					536D3C172C872BB800A34537 = {
						CreatedOnToolsVersion = 15.4;
					};
					536D3C2D2C872BB900A34537 = {
						CreatedOnToolsVersion = 15.4;
						TestTargetID = 536D3C172C872BB800A34537;
					};
					536D3C372C872BB900A34537 = {
						CreatedOnToolsVersion = 15.4;
						TestTargetID = 536D3C172C872BB800A34537;
					};
				};
			};
			buildConfigurationList = 536D3C132C872BB800A34537 /* Build configuration list for PBXProject "Segway" */;
			compatibilityVersion = "Xcode 14.0";
			developmentRegion = en;
			hasScannedForEncodings = 0;
			knownRegions = (
				en,
				Base,
			);
			mainGroup = 536D3C0F2C872BB800A34537;
			productRefGroup = 536D3C192C872BB800A34537 /* Products */;
			projectDirPath = "";
			projectRoot = "";
			targets = (
				536D3C172C872BB800A34537 /* Segway */,
				536D3C2D2C872BB900A34537 /* SegwayTests */,
				536D3C372C872BB900A34537 /* SegwayUITests */,
			);
		};
/* End PBXProject section */

/* Begin PBXResourcesBuildPhase section */
		536D3C162C872BB800A34537 /* Resources */ = {
			isa = PBXResourcesBuildPhase;
			buildActionMask = 2147483647;
			files = (
				536D3C252C872BB900A34537 /* Assets.xcassets in Resources */,
				536D3C282C872BB900A34537 /* Base in Resources */,
				536D3C232C872BB800A34537 /* Base in Resources */,
			);
			runOnlyForDeploymentPostprocessing = 0;
		};
		536D3C2C2C872BB900A34537 /* Resources */ = {
			isa = PBXResourcesBuildPhase;
			buildActionMask = 2147483647;
			files = (
			);
			runOnlyForDeploymentPostprocessing = 0;
		};
		536D3C362C872BB900A34537 /* Resources */ = {
			isa = PBXResourcesBuildPhase;
			buildActionMask = 2147483647;
			files = (
			);
			runOnlyForDeploymentPostprocessing = 0;
		};
/* End PBXResourcesBuildPhase section */

/* Begin PBXSourcesBuildPhase section */
		536D3C142C872BB800A34537 /* Sources */ = {
			isa = PBXSourcesBuildPhase;
			buildActionMask = 2147483647;
			files = (
				536D3C882C88316D00A34537 /* YellowViewController.swift in Sources */,
				536D3C202C872BB800A34537 /* ViewController.swift in Sources */,
				536D3C1C2C872BB800A34537 /* AppDelegate.swift in Sources */,
				536D3C1E2C872BB800A34537 /* SceneDelegate.swift in Sources */,
			);
			runOnlyForDeploymentPostprocessing = 0;
		};
		536D3C2A2C872BB900A34537 /* Sources */ = {
			isa = PBXSourcesBuildPhase;
			buildActionMask = 2147483647;
			files = (
				536D3C332C872BB900A34537 /* SegwayTests.swift in Sources */,
			);
			runOnlyForDeploymentPostprocessing = 0;
		};
		536D3C342C872BB900A34537 /* Sources */ = {
			isa = PBXSourcesBuildPhase;
			buildActionMask = 2147483647;
			files = (
				536D3C3F2C872BB900A34537 /* SegwayUITestsLaunchTests.swift in Sources */,
				536D3C3D2C872BB900A34537 /* SegwayUITests.swift in Sources */,
			);
			runOnlyForDeploymentPostprocessing = 0;
		};
/* End PBXSourcesBuildPhase section */

/* Begin PBXTargetDependency section */
		536D3C302C872BB900A34537 /* PBXTargetDependency */ = {
			isa = PBXTargetDependency;
			target = 536D3C172C872BB800A34537 /* Segway */;
			targetProxy = 536D3C2F2C872BB900A34537 /* PBXContainerItemProxy */;
		};
		536D3C3A2C872BB900A34537 /* PBXTargetDependency */ = {
			isa = PBXTargetDependency;
			target = 536D3C172C872BB800A34537 /* Segway */;
			targetProxy = 536D3C392C872BB900A34537 /* PBXContainerItemProxy */;
		};
/* End PBXTargetDependency section */

/* Begin PBXVariantGroup section */
		536D3C212C872BB800A34537 /* Main.storyboard */ = {
			isa = PBXVariantGroup;
			children = (
				536D3C222C872BB800A34537 /* Base */,
			);
			name = Main.storyboard;
			sourceTree = "<group>";
		};
		536D3C262C872BB900A34537 /* LaunchScreen.storyboard */ = {
			isa = PBXVariantGroup;
			children = (
				536D3C272C872BB900A34537 /* Base */,
			);
			name = LaunchScreen.storyboard;
			sourceTree = "<group>";
		};
/* End PBXVariantGroup section */

/* Begin XCBuildConfiguration section */
		536D3C402C872BB900A34537 /* Debug */ = {
			isa = XCBuildConfiguration;
			buildSettings = {
				ALWAYS_SEARCH_USER_PATHS = NO;
				ASSETCATALOG_COMPILER_GENERATE_SWIFT_ASSET_SYMBOL_EXTENSIONS = YES;
				CLANG_ANALYZER_NONNULL = YES;
				CLANG_ANALYZER_NUMBER_OBJECT_CONVERSION = YES_AGGRESSIVE;
				CLANG_CXX_LANGUAGE_STANDARD = "gnu++20";
				CLANG_ENABLE_MODULES = YES;
				CLANG_ENABLE_OBJC_ARC = YES;
				CLANG_ENABLE_OBJC_WEAK = YES;
				CLANG_WARN_BLOCK_CAPTURE_AUTORELEASING = YES;
				CLANG_WARN_BOOL_CONVERSION = YES;
				CLANG_WARN_COMMA = YES;
				CLANG_WARN_CONSTANT_CONVERSION = YES;
				CLANG_WARN_DEPRECATED_OBJC_IMPLEMENTATIONS = YES;
				CLANG_WARN_DIRECT_OBJC_ISA_USAGE = YES_ERROR;
				CLANG_WARN_DOCUMENTATION_COMMENTS = YES;
				CLANG_WARN_EMPTY_BODY = YES;
				CLANG_WARN_ENUM_CONVERSION = YES;
				CLANG_WARN_INFINITE_RECURSION = YES;
				CLANG_WARN_INT_CONVERSION = YES;
				CLANG_WARN_NON_LITERAL_NULL_CONVERSION = YES;
				CLANG_WARN_OBJC_IMPLICIT_RETAIN_SELF = YES;
				CLANG_WARN_OBJC_LITERAL_CONVERSION = YES;
				CLANG_WARN_OBJC_ROOT_CLASS = YES_ERROR;
				CLANG_WARN_QUOTED_INCLUDE_IN_FRAMEWORK_HEADER = YES;
				CLANG_WARN_RANGE_LOOP_ANALYSIS = YES;
				CLANG_WARN_STRICT_PROTOTYPES = YES;
				CLANG_WARN_SUSPICIOUS_MOVE = YES;
				CLANG_WARN_UNGUARDED_AVAILABILITY = YES_AGGRESSIVE;
				CLANG_WARN_UNREACHABLE_CODE = YES;
				CLANG_WARN__DUPLICATE_METHOD_MATCH = YES;
				COPY_PHASE_STRIP = NO;
				DEBUG_INFORMATION_FORMAT = dwarf;
				ENABLE_STRICT_OBJC_MSGSEND = YES;
				ENABLE_TESTABILITY = YES;
				ENABLE_USER_SCRIPT_SANDBOXING = YES;
				GCC_C_LANGUAGE_STANDARD = gnu17;
				GCC_DYNAMIC_NO_PIC = NO;
				GCC_NO_COMMON_BLOCKS = YES;
				GCC_OPTIMIZATION_LEVEL = 0;
				GCC_PREPROCESSOR_DEFINITIONS = (
					"DEBUG=1",
					"$(inherited)",
				);
				GCC_WARN_64_TO_32_BIT_CONVERSION = YES;
				GCC_WARN_ABOUT_RETURN_TYPE = YES_ERROR;
				GCC_WARN_UNDECLARED_SELECTOR = YES;
				GCC_WARN_UNINITIALIZED_AUTOS = YES_AGGRESSIVE;
				GCC_WARN_UNUSED_FUNCTION = YES;
				GCC_WARN_UNUSED_VARIABLE = YES;
				IPHONEOS_DEPLOYMENT_TARGET = 17.5;
				LOCALIZATION_PREFERS_STRING_CATALOGS = YES;
				MTL_ENABLE_DEBUG_INFO = INCLUDE_SOURCE;
				MTL_FAST_MATH = YES;
				ONLY_ACTIVE_ARCH = YES;
				SDKROOT = iphoneos;
				SWIFT_ACTIVE_COMPILATION_CONDITIONS = "DEBUG $(inherited)";
				SWIFT_OPTIMIZATION_LEVEL = "-Onone";
			};
			name = Debug;
		};
		536D3C412C872BB900A34537 /* Release */ = {
			isa = XCBuildConfiguration;
			buildSettings = {
				ALWAYS_SEARCH_USER_PATHS = NO;
				ASSETCATALOG_COMPILER_GENERATE_SWIFT_ASSET_SYMBOL_EXTENSIONS = YES;
				CLANG_ANALYZER_NONNULL = YES;
				CLANG_ANALYZER_NUMBER_OBJECT_CONVERSION = YES_AGGRESSIVE;
				CLANG_CXX_LANGUAGE_STANDARD = "gnu++20";
				CLANG_ENABLE_MODULES = YES;
				CLANG_ENABLE_OBJC_ARC = YES;
				CLANG_ENABLE_OBJC_WEAK = YES;
				CLANG_WARN_BLOCK_CAPTURE_AUTORELEASING = YES;
				CLANG_WARN_BOOL_CONVERSION = YES;
				CLANG_WARN_COMMA = YES;
				CLANG_WARN_CONSTANT_CONVERSION = YES;
				CLANG_WARN_DEPRECATED_OBJC_IMPLEMENTATIONS = YES;
				CLANG_WARN_DIRECT_OBJC_ISA_USAGE = YES_ERROR;
				CLANG_WARN_DOCUMENTATION_COMMENTS = YES;
				CLANG_WARN_EMPTY_BODY = YES;
				CLANG_WARN_ENUM_CONVERSION = YES;
				CLANG_WARN_INFINITE_RECURSION = YES;
				CLANG_WARN_INT_CONVERSION = YES;
				CLANG_WARN_NON_LITERAL_NULL_CONVERSION = YES;
				CLANG_WARN_OBJC_IMPLICIT_RETAIN_SELF = YES;
				CLANG_WARN_OBJC_LITERAL_CONVERSION = YES;
				CLANG_WARN_OBJC_ROOT_CLASS = YES_ERROR;
				CLANG_WARN_QUOTED_INCLUDE_IN_FRAMEWORK_HEADER = YES;
				CLANG_WARN_RANGE_LOOP_ANALYSIS = YES;
				CLANG_WARN_STRICT_PROTOTYPES = YES;
				CLANG_WARN_SUSPICIOUS_MOVE = YES;
				CLANG_WARN_UNGUARDED_AVAILABILITY = YES_AGGRESSIVE;
				CLANG_WARN_UNREACHABLE_CODE = YES;
				CLANG_WARN__DUPLICATE_METHOD_MATCH = YES;
				COPY_PHASE_STRIP = NO;
				DEBUG_INFORMATION_FORMAT = "dwarf-with-dsym";
				ENABLE_NS_ASSERTIONS = NO;
				ENABLE_STRICT_OBJC_MSGSEND = YES;
				ENABLE_USER_SCRIPT_SANDBOXING = YES;
				GCC_C_LANGUAGE_STANDARD = gnu17;
				GCC_NO_COMMON_BLOCKS = YES;
				GCC_WARN_64_TO_32_BIT_CONVERSION = YES;
				GCC_WARN_ABOUT_RETURN_TYPE = YES_ERROR;
				GCC_WARN_UNDECLARED_SELECTOR = YES;
				GCC_WARN_UNINITIALIZED_AUTOS = YES_AGGRESSIVE;
				GCC_WARN_UNUSED_FUNCTION = YES;
				GCC_WARN_UNUSED_VARIABLE = YES;
				IPHONEOS_DEPLOYMENT_TARGET = 17.5;
				LOCALIZATION_PREFERS_STRING_CATALOGS = YES;
				MTL_ENABLE_DEBUG_INFO = NO;
				MTL_FAST_MATH = YES;
				SDKROOT = iphoneos;
				SWIFT_COMPILATION_MODE = wholemodule;
				VALIDATE_PRODUCT = YES;
			};
			name = Release;
		};
		536D3C432C872BB900A34537 /* Debug */ = {
			isa = XCBuildConfiguration;
			buildSettings = {
				ASSETCATALOG_COMPILER_APPICON_NAME = AppIcon;
				ASSETCATALOG_COMPILER_GLOBAL_ACCENT_COLOR_NAME = AccentColor;
				CODE_SIGN_STYLE = Automatic;
				CURRENT_PROJECT_VERSION = 1;
				GENERATE_INFOPLIST_FILE = YES;
				INFOPLIST_FILE = Segway/Info.plist;
				INFOPLIST_KEY_UIApplicationSupportsIndirectInputEvents = YES;
				INFOPLIST_KEY_UILaunchStoryboardName = LaunchScreen;
				INFOPLIST_KEY_UIMainStoryboardFile = Main;
				INFOPLIST_KEY_UISupportedInterfaceOrientations_iPad = "UIInterfaceOrientationPortrait UIInterfaceOrientationPortraitUpsideDown UIInterfaceOrientationLandscapeLeft UIInterfaceOrientationLandscapeRight";
				INFOPLIST_KEY_UISupportedInterfaceOrientations_iPhone = "UIInterfaceOrientationPortrait UIInterfaceOrientationLandscapeLeft UIInterfaceOrientationLandscapeRight";
				LD_RUNPATH_SEARCH_PATHS = (
					"$(inherited)",
					"@executable_path/Frameworks",
				);
				MARKETING_VERSION = 1.0;
				PRODUCT_BUNDLE_IDENTIFIER = hello.Segway;
				PRODUCT_NAME = "$(TARGET_NAME)";
				SWIFT_EMIT_LOC_STRINGS = YES;
				SWIFT_VERSION = 5.0;
				TARGETED_DEVICE_FAMILY = "1,2";
			};
			name = Debug;
		};
		536D3C442C872BB900A34537 /* Release */ = {
			isa = XCBuildConfiguration;
			buildSettings = {
				ASSETCATALOG_COMPILER_APPICON_NAME = AppIcon;
				ASSETCATALOG_COMPILER_GLOBAL_ACCENT_COLOR_NAME = AccentColor;
				CODE_SIGN_STYLE = Automatic;
				CURRENT_PROJECT_VERSION = 1;
				GENERATE_INFOPLIST_FILE = YES;
				INFOPLIST_FILE = Segway/Info.plist;
				INFOPLIST_KEY_UIApplicationSupportsIndirectInputEvents = YES;
				INFOPLIST_KEY_UILaunchStoryboardName = LaunchScreen;
				INFOPLIST_KEY_UIMainStoryboardFile = Main;
				INFOPLIST_KEY_UISupportedInterfaceOrientations_iPad = "UIInterfaceOrientationPortrait UIInterfaceOrientationPortraitUpsideDown UIInterfaceOrientationLandscapeLeft UIInterfaceOrientationLandscapeRight";
				INFOPLIST_KEY_UISupportedInterfaceOrientations_iPhone = "UIInterfaceOrientationPortrait UIInterfaceOrientationLandscapeLeft UIInterfaceOrientationLandscapeRight";
				LD_RUNPATH_SEARCH_PATHS = (
					"$(inherited)",
					"@executable_path/Frameworks",
				);
				MARKETING_VERSION = 1.0;
				PRODUCT_BUNDLE_IDENTIFIER = hello.Segway;
				PRODUCT_NAME = "$(TARGET_NAME)";
				SWIFT_EMIT_LOC_STRINGS = YES;
				SWIFT_VERSION = 5.0;
				TARGETED_DEVICE_FAMILY = "1,2";
			};
			name = Release;
		};
		536D3C462C872BB900A34537 /* Debug */ = {
			isa = XCBuildConfiguration;
			buildSettings = {
				ALWAYS_EMBED_SWIFT_STANDARD_LIBRARIES = YES;
				BUNDLE_LOADER = "$(TEST_HOST)";
				CODE_SIGN_STYLE = Automatic;
				CURRENT_PROJECT_VERSION = 1;
				GENERATE_INFOPLIST_FILE = YES;
				IPHONEOS_DEPLOYMENT_TARGET = 17.5;
				MARKETING_VERSION = 1.0;
				PRODUCT_BUNDLE_IDENTIFIER = hello.SegwayTests;
				PRODUCT_NAME = "$(TARGET_NAME)";
				SWIFT_EMIT_LOC_STRINGS = NO;
				SWIFT_VERSION = 5.0;
				TARGETED_DEVICE_FAMILY = "1,2";
				TEST_HOST = "$(BUILT_PRODUCTS_DIR)/Segway.app/$(BUNDLE_EXECUTABLE_FOLDER_PATH)/Segway";
			};
			name = Debug;
		};
		536D3C472C872BB900A34537 /* Release */ = {
			isa = XCBuildConfiguration;
			buildSettings = {
				ALWAYS_EMBED_SWIFT_STANDARD_LIBRARIES = YES;
				BUNDLE_LOADER = "$(TEST_HOST)";
				CODE_SIGN_STYLE = Automatic;
				CURRENT_PROJECT_VERSION = 1;
				GENERATE_INFOPLIST_FILE = YES;
				IPHONEOS_DEPLOYMENT_TARGET = 17.5;
				MARKETING_VERSION = 1.0;
				PRODUCT_BUNDLE_IDENTIFIER = hello.SegwayTests;
				PRODUCT_NAME = "$(TARGET_NAME)";
				SWIFT_EMIT_LOC_STRINGS = NO;
				SWIFT_VERSION = 5.0;
				TARGETED_DEVICE_FAMILY = "1,2";
				TEST_HOST = "$(BUILT_PRODUCTS_DIR)/Segway.app/$(BUNDLE_EXECUTABLE_FOLDER_PATH)/Segway";
			};
			name = Release;
		};
		536D3C492C872BB900A34537 /* Debug */ = {
			isa = XCBuildConfiguration;
			buildSettings = {
				ALWAYS_EMBED_SWIFT_STANDARD_LIBRARIES = YES;
				CODE_SIGN_STYLE = Automatic;
				CURRENT_PROJECT_VERSION = 1;
				GENERATE_INFOPLIST_FILE = YES;
				MARKETING_VERSION = 1.0;
				PRODUCT_BUNDLE_IDENTIFIER = hello.SegwayUITests;
				PRODUCT_NAME = "$(TARGET_NAME)";
				SWIFT_EMIT_LOC_STRINGS = NO;
				SWIFT_VERSION = 5.0;
				TARGETED_DEVICE_FAMILY = "1,2";
				TEST_TARGET_NAME = Segway;
			};
			name = Debug;
		};
		536D3C4A2C872BB900A34537 /* Release */ = {
			isa = XCBuildConfiguration;
			buildSettings = {
				ALWAYS_EMBED_SWIFT_STANDARD_LIBRARIES = YES;
				CODE_SIGN_STYLE = Automatic;
				CURRENT_PROJECT_VERSION = 1;
				GENERATE_INFOPLIST_FILE = YES;
				MARKETING_VERSION = 1.0;
				PRODUCT_BUNDLE_IDENTIFIER = hello.SegwayUITests;
				PRODUCT_NAME = "$(TARGET_NAME)";
				SWIFT_EMIT_LOC_STRINGS = NO;
				SWIFT_VERSION = 5.0;
				TARGETED_DEVICE_FAMILY = "1,2";
				TEST_TARGET_NAME = Segway;
			};
			name = Release;
		};
/* End XCBuildConfiguration section */

/* Begin XCConfigurationList section */
		536D3C132C872BB800A34537 /* Build configuration list for PBXProject "Segway" */ = {
			isa = XCConfigurationList;
			buildConfigurations = (
				536D3C402C872BB900A34537 /* Debug */,
				536D3C412C872BB900A34537 /* Release */,
			);
			defaultConfigurationIsVisible = 0;
			defaultConfigurationName = Release;
		};
		536D3C422C872BB900A34537 /* Build configuration list for PBXNativeTarget "Segway" */ = {
			isa = XCConfigurationList;
			buildConfigurations = (
				536D3C432C872BB900A34537 /* Debug */,
				536D3C442C872BB900A34537 /* Release */,
			);
			defaultConfigurationIsVisible = 0;
			defaultConfigurationName = Release;
		};
		536D3C452C872BB900A34537 /* Build configuration list for PBXNativeTarget "SegwayTests" */ = {
			isa = XCConfigurationList;
			buildConfigurations = (
				536D3C462C872BB900A34537 /* Debug */,
				536D3C472C872BB900A34537 /* Release */,
			);
			defaultConfigurationIsVisible = 0;
			defaultConfigurationName = Release;
		};
		536D3C482C872BB900A34537 /* Build configuration list for PBXNativeTarget "SegwayUITests" */ = {
			isa = XCConfigurationList;
			buildConfigurations = (
				536D3C492C872BB900A34537 /* Debug */,
				536D3C4A2C872BB900A34537 /* Release */,
			);
			defaultConfigurationIsVisible = 0;
			defaultConfigurationName = Release;
		};
/* End XCConfigurationList section */
	};
	rootObject = 536D3C102C872BB800A34537 /* Project object */;
}
